github.com/joho/godotenv v1.5.1 h1:7eLL/+HRGLY0ldzfGMeQkb7vMd0as4CfYvUVzLqw0N0=
github.com/joho/godotenv v1.5.1/go.mod h1:f4LDr5Voq0i2e/R5DDNOoa2zzDfwtkZa6DnEwAbqwq4=
github.com/sunspots/tmi v0.0.0-20180618222319-19fdab624b83 h1:KPl6t/dwaWegPmO5Os4WaUcRDr94Y5KZ2PrL7eZWQYw=
github.com/sunspots/tmi v0.0.0-20180618222319-19fdab624b83/go.mod h1:Wg8E8Xy9YaO/FWxWOHrZptUyswvflRHVVydqb05Wkjc=
